
Microsoft Visual Studio Solution File, Format Version 12.00
# Visual Studio 15
VisualStudioVersion = 15.0.28010.2026
MinimumVisualStudioVersion = 10.0.40219.1
Project("{FAE04EC0-301F-11D3-BF4B-00C04F79EFBC}") = "AddressBookLibrary", "AddressBookLibrary\AddressBookLibrary.csproj", "{D97F6614-C797-429E-9194-5E29F73D4496}"
EndProject
Project("{FAE04EC0-301F-11D3-BF4B-00C04F79EFBC}") = "AddressBookUI", "AddressBookUI\AddressBookUI.csproj", "{AF564C6F-DA67-4D9A-9C85-02289A5275DC}"
EndProject
Global
	GlobalSection(SolutionConfigurationPlatforms) = preSolution
		Debug|Any CPU = Debug|Any CPU
		Release|Any CPU = Release|Any CPU
	EndGlobalSection
	GlobalSection(ProjectConfigurationPlatforms) = postSolution
		{D97F6614-C797-429E-9194-5E29F73D4496}.Debug|Any CPU.ActiveCfg = Debug|Any CPU
		{D97F6614-C797-429E-9194-5E29F73D4496}.Debug|Any CPU.Build.0 = Debug|Any CPU
		{D97F6614-C797-429E-9194-5E29F73D4496}.Release|Any CPU.ActiveCfg = Release|Any CPU
		{D97F6614-C797-429E-9194-5E29F73D4496}.Release|Any CPU.Build.0 = Release|Any CPU
		{AF564C6F-DA67-4D9A-9C85-02289A5275DC}.Debug|Any CPU.ActiveCfg = Debug|Any CPU
		{AF564C6F-DA67-4D9A-9C85-02289A5275DC}.Debug|Any CPU.Build.0 = Debug|Any CPU
		{AF564C6F-DA67-4D9A-9C85-02289A5275DC}.Release|Any CPU.ActiveCfg = Release|Any CPU
		{AF564C6F-DA67-4D9A-9C85-02289A5275DC}.Release|Any CPU.Build.0 = Release|Any CPU
	EndGlobalSection
	GlobalSection(SolutionProperties) = preSolution
		HideSolutionNode = FALSE
	EndGlobalSection
	GlobalSection(ExtensibilityGlobals) = postSolution
		SolutionGuid = {C504BEF9-28A0-4D03-AC1E-6682DC8AF21C}
	EndGlobalSection
EndGlobal
